Microsoft Visual Studio Solution File, Format Version 11.00
# Visual Studio 2008

Project("{61494916-00DF-E7D9-7374-3B28C4A02D53}") = "3D Model Viewer", "Assembly-CSharp-Editor.csproj", "{069D1785-9134-EA90-C529-875B4253B399}"
EndProject
Project("{61494916-00DF-E7D9-7374-3B28C4A02D53}") = "3D Model Viewer", "Assembly-UnityScript.unityproj", "{08937A94-01CA-92D3-0F3D-7756F3674E19}"
EndProject
Global
	GlobalSection(SolutionConfigurationPlatforms) = preSolution
		Debug|Any CPU = Debug|Any CPU
		Release|Any CPU = Release|Any CPU
	EndGlobalSection
	GlobalSection(ProjectConfigurationPlatforms) = postSolution
		{069D1785-9134-EA90-C529-875B4253B399}.Debug|Any CPU.ActiveCfg = Debug|Any CPU
		{069D1785-9134-EA90-C529-875B4253B399}.Debug|Any CPU.Build.0 = Debug|Any CPU
		{069D1785-9134-EA90-C529-875B4253B399}.Release|Any CPU.ActiveCfg = Release|Any CPU
		{069D1785-9134-EA90-C529-875B4253B399}.Release|Any CPU.Build.0 = Release|Any CPU
		{08937A94-01CA-92D3-0F3D-7756F3674E19}.Debug|Any CPU.ActiveCfg = Debug|Any CPU
		{08937A94-01CA-92D3-0F3D-7756F3674E19}.Debug|Any CPU.Build.0 = Debug|Any CPU
		{08937A94-01CA-92D3-0F3D-7756F3674E19}.Release|Any CPU.ActiveCfg = Release|Any CPU
		{08937A94-01CA-92D3-0F3D-7756F3674E19}.Release|Any CPU.Build.0 = Release|Any CPU
	EndGlobalSection
	GlobalSection(SolutionProperties) = preSolution
		HideSolutionNode = FALSE
	EndGlobalSection
																															GlobalSection(MonoDevelopProperties) = preSolution
		Policies = $0
		$0.TextStylePolicy = $1
		$1.inheritsSet = null
		$1.scope = text/x-csharp
		$0.CSharpFormattingPolicy = $2
		$2.inheritsSet = Mono
		$2.inheritsScope = text/x-csharp
		$2.scope = text/x-csharp
		$0.TextStylePolicy = $3
		$3.FileWidth = 120
		$3.TabsToSpaces = False
		$3.EolMarker = Unix
		$3.inheritsSet = VisualStudio
		$3.inheritsScope = text/plain
		$3.scope = text/plain
	EndGlobalSection
EndGlobal
